
Microsoft Visual Studio Solution File, Format Version 12.00
# Visual Studio 15
VisualStudioVersion = 15.0.28307.705
MinimumVisualStudioVersion = 10.0.40219.1
Project("{FAE04EC0-301F-11D3-BF4B-00C04F79EFBC}") = "Fractal", "Fractal\Fractal.csproj", "{5B930BC9-2D00-4ACE-A12A-5E108544838F}"
EndProject
Global
	GlobalSection(SolutionConfigurationPlatforms) = preSolution
		Debug|Any CPU = Debug|Any CPU
		Release|Any CPU = Release|Any CPU
	EndGlobalSection
	GlobalSection(ProjectConfigurationPlatforms) = postSolution
		{5B930BC9-2D00-4ACE-A12A-5E108544838F}.Debug|Any CPU.ActiveCfg = Debug|Any CPU
		{5B930BC9-2D00-4ACE-A12A-5E108544838F}.Debug|Any CPU.Build.0 = Debug|Any CPU
		{5B930BC9-2D00-4ACE-A12A-5E108544838F}.Release|Any CPU.ActiveCfg = Release|Any CPU
		{5B930BC9-2D00-4ACE-A12A-5E108544838F}.Release|Any CPU.Build.0 = Release|Any CPU
	EndGlobalSection
	GlobalSection(SolutionProperties) = preSolution
		HideSolutionNode = FALSE
	EndGlobalSection
	GlobalSection(ExtensibilityGlobals) = postSolution
		SolutionGuid = {397E2232-0907-45D1-845A-B95E68E30B77}
	EndGlobalSection
EndGlobal
